
Microsoft Visual Studio Solution File, Format Version 12.00
# Visual Studio Version 17
VisualStudioVersion = 17.1.32421.90
MinimumVisualStudioVersion = 10.0.40219.1
Project("{FAE04EC0-301F-11D3-BF4B-00C04F79EFBC}") = "csharp-snacks-2", "csharp-snacks-2.csproj", "{819AEA5E-F387-4DD0-9658-E54077E0F7D0}"
EndProject
Global
	GlobalSection(SolutionConfigurationPlatforms) = preSolution
		Debug|Any CPU = Debug|Any CPU
		Release|Any CPU = Release|Any CPU
	EndGlobalSection
	GlobalSection(ProjectConfigurationPlatforms) = postSolution
		{819AEA5E-F387-4DD0-9658-E54077E0F7D0}.Debug|Any CPU.ActiveCfg = Debug|Any CPU
		{819AEA5E-F387-4DD0-9658-E54077E0F7D0}.Debug|Any CPU.Build.0 = Debug|Any CPU
		{819AEA5E-F387-4DD0-9658-E54077E0F7D0}.Release|Any CPU.ActiveCfg = Release|Any CPU
		{819AEA5E-F387-4DD0-9658-E54077E0F7D0}.Release|Any CPU.Build.0 = Release|Any CPU
	EndGlobalSection
	GlobalSection(SolutionProperties) = preSolution
		HideSolutionNode = FALSE
	EndGlobalSection
	GlobalSection(ExtensibilityGlobals) = postSolution
		SolutionGuid = {CB92B7D9-89B9-4E14-860A-19D0CD987F55}
	EndGlobalSection
EndGlobal
